
Microsoft Visual Studio Solution File, Format Version 12.00
# Visual Studio 16
Project("{2150E333-8FDC-42A3-9474-1A3956D46DE8}") = "Dependencies", "Dependencies", "{53E47842-3FC8-3998-A828-34EB942B241A}"
EndProject
Project("{8BC9CEB8-8B4A-11D0-8D11-00A0C91BC942}") = "Arrays", "Arrays\Arrays.vcxproj", "{F76ECDA7-E310-F87D-CCCB-0BD2B80C7FCE}"
EndProject
Project("{8BC9CEB8-8B4A-11D0-8D11-00A0C91BC942}") = "CreateWindow", "CreateWindow\CreateWindow.vcxproj", "{D1521886-BDB5-A72A-663B-E0E0527D73AD}"
EndProject
Project("{FAE04EC0-301F-11D3-BF4B-00C04F79EFBC}") = "HeaderTool", "HeaderTool\HeaderTool.csproj", "{4C9248D8-384A-8A25-A151-63818D282516}"
EndProject
Project("{8BC9CEB8-8B4A-11D0-8D11-00A0C91BC942}") = "JsonReaderWriter", "JsonReaderWriter\JsonReaderWriter.vcxproj", "{2FB1B50E-1BAA-D460-44DC-B9E53034B46C}"
EndProject
Project("{8BC9CEB8-8B4A-11D0-8D11-00A0C91BC942}") = "Reflection", "Reflection\Reflection.vcxproj", "{104FCF04-FC06-1152-650E-EAAD51E5AB42}"
EndProject
Project("{8BC9CEB8-8B4A-11D0-8D11-00A0C91BC942}") = "Serialization", "Serialization\Serialization.vcxproj", "{2319AF09-8FD9-2A40-5814-74BDC4936F1C}"
EndProject
Project("{8BC9CEB8-8B4A-11D0-8D11-00A0C91BC942}") = "WaveParser", "WaveParser\WaveParser.vcxproj", "{C58F36BF-B147-780C-1A4F-5168062613FD}"
EndProject
Project("{8BC9CEB8-8B4A-11D0-8D11-00A0C91BC942}") = "Tutorials", "Tutorials.vcxproj", "{4C37A211-B8A1-5688-01E0-072E6D8934DD}"
EndProject
Global
	GlobalSection(SolutionConfigurationPlatforms) = preSolution
		Debug|x64 = Debug|x64
		Dist|x64 = Dist|x64
		Release|x64 = Release|x64
	EndGlobalSection
	GlobalSection(ProjectConfigurationPlatforms) = postSolution
		{F76ECDA7-E310-F87D-CCCB-0BD2B80C7FCE}.Debug|x64.ActiveCfg = Debug|x64
		{F76ECDA7-E310-F87D-CCCB-0BD2B80C7FCE}.Debug|x64.Build.0 = Debug|x64
		{F76ECDA7-E310-F87D-CCCB-0BD2B80C7FCE}.Dist|x64.ActiveCfg = Dist|x64
		{F76ECDA7-E310-F87D-CCCB-0BD2B80C7FCE}.Dist|x64.Build.0 = Dist|x64
		{F76ECDA7-E310-F87D-CCCB-0BD2B80C7FCE}.Release|x64.ActiveCfg = Release|x64
		{F76ECDA7-E310-F87D-CCCB-0BD2B80C7FCE}.Release|x64.Build.0 = Release|x64
		{D1521886-BDB5-A72A-663B-E0E0527D73AD}.Debug|x64.ActiveCfg = Debug|x64
		{D1521886-BDB5-A72A-663B-E0E0527D73AD}.Debug|x64.Build.0 = Debug|x64
		{D1521886-BDB5-A72A-663B-E0E0527D73AD}.Dist|x64.ActiveCfg = Dist|x64
		{D1521886-BDB5-A72A-663B-E0E0527D73AD}.Dist|x64.Build.0 = Dist|x64
		{D1521886-BDB5-A72A-663B-E0E0527D73AD}.Release|x64.ActiveCfg = Release|x64
		{D1521886-BDB5-A72A-663B-E0E0527D73AD}.Release|x64.Build.0 = Release|x64
		{4C9248D8-384A-8A25-A151-63818D282516}.Debug|x64.ActiveCfg = Debug|x64
		{4C9248D8-384A-8A25-A151-63818D282516}.Debug|x64.Build.0 = Debug|x64
		{4C9248D8-384A-8A25-A151-63818D282516}.Dist|x64.ActiveCfg = Dist|x64
		{4C9248D8-384A-8A25-A151-63818D282516}.Dist|x64.Build.0 = Dist|x64
		{4C9248D8-384A-8A25-A151-63818D282516}.Release|x64.ActiveCfg = Release|x64
		{4C9248D8-384A-8A25-A151-63818D282516}.Release|x64.Build.0 = Release|x64
		{2FB1B50E-1BAA-D460-44DC-B9E53034B46C}.Debug|x64.ActiveCfg = Debug|x64
		{2FB1B50E-1BAA-D460-44DC-B9E53034B46C}.Debug|x64.Build.0 = Debug|x64
		{2FB1B50E-1BAA-D460-44DC-B9E53034B46C}.Dist|x64.ActiveCfg = Dist|x64
		{2FB1B50E-1BAA-D460-44DC-B9E53034B46C}.Dist|x64.Build.0 = Dist|x64
		{2FB1B50E-1BAA-D460-44DC-B9E53034B46C}.Release|x64.ActiveCfg = Release|x64
		{2FB1B50E-1BAA-D460-44DC-B9E53034B46C}.Release|x64.Build.0 = Release|x64
		{104FCF04-FC06-1152-650E-EAAD51E5AB42}.Debug|x64.ActiveCfg = Debug|x64
		{104FCF04-FC06-1152-650E-EAAD51E5AB42}.Debug|x64.Build.0 = Debug|x64
		{104FCF04-FC06-1152-650E-EAAD51E5AB42}.Dist|x64.ActiveCfg = Dist|x64
		{104FCF04-FC06-1152-650E-EAAD51E5AB42}.Dist|x64.Build.0 = Dist|x64
		{104FCF04-FC06-1152-650E-EAAD51E5AB42}.Release|x64.ActiveCfg = Release|x64
		{104FCF04-FC06-1152-650E-EAAD51E5AB42}.Release|x64.Build.0 = Release|x64
		{2319AF09-8FD9-2A40-5814-74BDC4936F1C}.Debug|x64.ActiveCfg = Debug|x64
		{2319AF09-8FD9-2A40-5814-74BDC4936F1C}.Debug|x64.Build.0 = Debug|x64
		{2319AF09-8FD9-2A40-5814-74BDC4936F1C}.Dist|x64.ActiveCfg = Dist|x64
		{2319AF09-8FD9-2A40-5814-74BDC4936F1C}.Dist|x64.Build.0 = Dist|x64
		{2319AF09-8FD9-2A40-5814-74BDC4936F1C}.Release|x64.ActiveCfg = Release|x64
		{2319AF09-8FD9-2A40-5814-74BDC4936F1C}.Release|x64.Build.0 = Release|x64
		{C58F36BF-B147-780C-1A4F-5168062613FD}.Debug|x64.ActiveCfg = Debug|x64
		{C58F36BF-B147-780C-1A4F-5168062613FD}.Debug|x64.Build.0 = Debug|x64
		{C58F36BF-B147-780C-1A4F-5168062613FD}.Dist|x64.ActiveCfg = Dist|x64
		{C58F36BF-B147-780C-1A4F-5168062613FD}.Dist|x64.Build.0 = Dist|x64
		{C58F36BF-B147-780C-1A4F-5168062613FD}.Release|x64.ActiveCfg = Release|x64
		{C58F36BF-B147-780C-1A4F-5168062613FD}.Release|x64.Build.0 = Release|x64
		{4C37A211-B8A1-5688-01E0-072E6D8934DD}.Debug|x64.ActiveCfg = Debug|x64
		{4C37A211-B8A1-5688-01E0-072E6D8934DD}.Debug|x64.Build.0 = Debug|x64
		{4C37A211-B8A1-5688-01E0-072E6D8934DD}.Dist|x64.ActiveCfg = Dist|x64
		{4C37A211-B8A1-5688-01E0-072E6D8934DD}.Dist|x64.Build.0 = Dist|x64
		{4C37A211-B8A1-5688-01E0-072E6D8934DD}.Release|x64.ActiveCfg = Release|x64
		{4C37A211-B8A1-5688-01E0-072E6D8934DD}.Release|x64.Build.0 = Release|x64
	EndGlobalSection
	GlobalSection(SolutionProperties) = preSolution
		HideSolutionNode = FALSE
	EndGlobalSection
	GlobalSection(NestedProjects) = preSolution
		{F76ECDA7-E310-F87D-CCCB-0BD2B80C7FCE} = {53E47842-3FC8-3998-A828-34EB942B241A}
		{D1521886-BDB5-A72A-663B-E0E0527D73AD} = {53E47842-3FC8-3998-A828-34EB942B241A}
		{4C9248D8-384A-8A25-A151-63818D282516} = {53E47842-3FC8-3998-A828-34EB942B241A}
		{2FB1B50E-1BAA-D460-44DC-B9E53034B46C} = {53E47842-3FC8-3998-A828-34EB942B241A}
		{104FCF04-FC06-1152-650E-EAAD51E5AB42} = {53E47842-3FC8-3998-A828-34EB942B241A}
		{2319AF09-8FD9-2A40-5814-74BDC4936F1C} = {53E47842-3FC8-3998-A828-34EB942B241A}
		{C58F36BF-B147-780C-1A4F-5168062613FD} = {53E47842-3FC8-3998-A828-34EB942B241A}
	EndGlobalSection
EndGlobal
