<?xml version="1.0" encoding="utf-8"?>
<Project ToolsVersion="4.0" xmlns="http://schemas.microsoft.com/developer/msbuild/2003">
  <ItemGroup>
    <Filter Include="FileReadWriter">
      <UniqueIdentifier>{BE4697BC-AA14-8BC2-93A8-FBE87F156727}</UniqueIdentifier>
    </Filter>
    <Filter Include="FileReadWriter\Reader">
      <UniqueIdentifier>{80425B0E-ECAE-1609-B5A2-AE6621CE3871}</UniqueIdentifier>
    </Filter>
    <Filter Include="Sound">
      <UniqueIdentifier>{4ED01B0E-BAE4-43BF-8366-E71EEF3940F0}</UniqueIdentifier>
    </Filter>
  </ItemGroup>
  <ItemGroup>
    <ClInclude Include="include\WaveParser\FileReadWriter\Reader\FileReader.h">
      <Filter>FileReadWriter\Reader</Filter>
    </ClInclude>
    <ClInclude Include="include\WaveParser\FileReadWriter\Reader\ReadMode.h">
      <Filter>FileReadWriter\Reader</Filter>
    </ClInclude>
    <ClInclude Include="include\WaveParser\Sound\SoundWave.h">
      <Filter>Sound</Filter>
    </ClInclude>
    <ClInclude Include="include\WaveParser\Sound\SoundWaveProperties.h">
      <Filter>Sound</Filter>
    </ClInclude>
    <ClInclude Include="include\WaveParser\Importer\Importer.h" />
  </ItemGroup>
  <ItemGroup>
    <ClCompile Include="include\WaveParser\FileReadWriter\Reader\FileReader.cpp">
      <Filter>FileReadWriter\Reader</Filter>
    </ClCompile>
    <ClCompile Include="include\WaveParser\Sound\SoundWave.cpp">
      <Filter>Sound</Filter>
    </ClCompile>
  </ItemGroup>
</Project>